{
  "object": {
    "pins": [
      {
        "package": "XLPagerTabStrip",
        "repositoryURL": "https://github.com/askendiet/XLPagerTabStrip.git",
        "state": {
          "branch": null,
          "revision": "1bc2f0c136c85bdb5a87efc5937c9a4963ef86cb",
          "version": null
        }
      }
    ]
  },
  "version": 1
}
