{
  "object": {
    "pins": [
      {
        "package": "XLPagerTabStrip",
        "repositoryURL": "https://github.com/askendiet/XLPagerTabStrip.git",
        "state": {
          "branch": null,
          "revision": "d2acbdd465afd1d484868a2580ee816b24f6e078",
          "version": null
        }
      }
    ]
  },
  "version": 1
}
